
Microsoft Visual Studio Solution File, Format Version 12.00
# Visual Studio Version 17
VisualStudioVersion = 17.14.36518.9
MinimumVisualStudioVersion = 10.0.40219.1
Project("{8BC9CEB8-8B4A-11D0-8D11-00A0C91BC942}") = "List", "List\List.vcxproj", "{93C64FE5-218C-4993-BFC6-E3BCA08BA009}"
EndProject
Project("{8BC9CEB8-8B4A-11D0-8D11-00A0C91BC942}") = "Vector", "Vector\Vector.vcxproj", "{323148F3-5041-4814-BC0B-33B0F0C787AC}"
EndProject
Project("{8BC9CEB8-8B4A-11D0-8D11-00A0C91BC942}") = "Map", "Map\Map.vcxproj", "{2016DAEE-B96B-4DD1-8EAA-BEAA6C7547B5}"
EndProject
Project("{8BC9CEB8-8B4A-11D0-8D11-00A0C91BC942}") = "Set", "Set\Set.vcxproj", "{33B450EA-EC00-486A-800F-67955EEC0827}"
EndProject
Project("{8BC9CEB8-8B4A-11D0-8D11-00A0C91BC942}") = "Deque", "Deque\Deque.vcxproj", "{F3DF3745-1FC8-43CA-99F5-D2DBCF342814}"
EndProject
Global
	GlobalSection(SolutionConfigurationPlatforms) = preSolution
		Debug|x64 = Debug|x64
		Debug|x86 = Debug|x86
		Release|x64 = Release|x64
		Release|x86 = Release|x86
	EndGlobalSection
	GlobalSection(ProjectConfigurationPlatforms) = postSolution
		{93C64FE5-218C-4993-BFC6-E3BCA08BA009}.Debug|x64.ActiveCfg = Debug|x64
		{93C64FE5-218C-4993-BFC6-E3BCA08BA009}.Debug|x64.Build.0 = Debug|x64
		{93C64FE5-218C-4993-BFC6-E3BCA08BA009}.Debug|x86.ActiveCfg = Debug|Win32
		{93C64FE5-218C-4993-BFC6-E3BCA08BA009}.Debug|x86.Build.0 = Debug|Win32
		{93C64FE5-218C-4993-BFC6-E3BCA08BA009}.Release|x64.ActiveCfg = Release|x64
		{93C64FE5-218C-4993-BFC6-E3BCA08BA009}.Release|x64.Build.0 = Release|x64
		{93C64FE5-218C-4993-BFC6-E3BCA08BA009}.Release|x86.ActiveCfg = Release|Win32
		{93C64FE5-218C-4993-BFC6-E3BCA08BA009}.Release|x86.Build.0 = Release|Win32
		{323148F3-5041-4814-BC0B-33B0F0C787AC}.Debug|x64.ActiveCfg = Debug|x64
		{323148F3-5041-4814-BC0B-33B0F0C787AC}.Debug|x64.Build.0 = Debug|x64
		{323148F3-5041-4814-BC0B-33B0F0C787AC}.Debug|x86.ActiveCfg = Debug|Win32
		{323148F3-5041-4814-BC0B-33B0F0C787AC}.Debug|x86.Build.0 = Debug|Win32
		{323148F3-5041-4814-BC0B-33B0F0C787AC}.Release|x64.ActiveCfg = Release|x64
		{323148F3-5041-4814-BC0B-33B0F0C787AC}.Release|x64.Build.0 = Release|x64
		{323148F3-5041-4814-BC0B-33B0F0C787AC}.Release|x86.ActiveCfg = Release|Win32
		{323148F3-5041-4814-BC0B-33B0F0C787AC}.Release|x86.Build.0 = Release|Win32
		{2016DAEE-B96B-4DD1-8EAA-BEAA6C7547B5}.Debug|x64.ActiveCfg = Debug|x64
		{2016DAEE-B96B-4DD1-8EAA-BEAA6C7547B5}.Debug|x64.Build.0 = Debug|x64
		{2016DAEE-B96B-4DD1-8EAA-BEAA6C7547B5}.Debug|x86.ActiveCfg = Debug|Win32
		{2016DAEE-B96B-4DD1-8EAA-BEAA6C7547B5}.Debug|x86.Build.0 = Debug|Win32
		{2016DAEE-B96B-4DD1-8EAA-BEAA6C7547B5}.Release|x64.ActiveCfg = Release|x64
		{2016DAEE-B96B-4DD1-8EAA-BEAA6C7547B5}.Release|x64.Build.0 = Release|x64
		{2016DAEE-B96B-4DD1-8EAA-BEAA6C7547B5}.Release|x86.ActiveCfg = Release|Win32
		{2016DAEE-B96B-4DD1-8EAA-BEAA6C7547B5}.Release|x86.Build.0 = Release|Win32
		{33B450EA-EC00-486A-800F-67955EEC0827}.Debug|x64.ActiveCfg = Debug|x64
		{33B450EA-EC00-486A-800F-67955EEC0827}.Debug|x64.Build.0 = Debug|x64
		{33B450EA-EC00-486A-800F-67955EEC0827}.Debug|x86.ActiveCfg = Debug|Win32
		{33B450EA-EC00-486A-800F-67955EEC0827}.Debug|x86.Build.0 = Debug|Win32
		{33B450EA-EC00-486A-800F-67955EEC0827}.Release|x64.ActiveCfg = Release|x64
		{33B450EA-EC00-486A-800F-67955EEC0827}.Release|x64.Build.0 = Release|x64
		{33B450EA-EC00-486A-800F-67955EEC0827}.Release|x86.ActiveCfg = Release|Win32
		{33B450EA-EC00-486A-800F-67955EEC0827}.Release|x86.Build.0 = Release|Win32
		{F3DF3745-1FC8-43CA-99F5-D2DBCF342814}.Debug|x64.ActiveCfg = Debug|x64
		{F3DF3745-1FC8-43CA-99F5-D2DBCF342814}.Debug|x64.Build.0 = Debug|x64
		{F3DF3745-1FC8-43CA-99F5-D2DBCF342814}.Debug|x86.ActiveCfg = Debug|Win32
		{F3DF3745-1FC8-43CA-99F5-D2DBCF342814}.Debug|x86.Build.0 = Debug|Win32
		{F3DF3745-1FC8-43CA-99F5-D2DBCF342814}.Release|x64.ActiveCfg = Release|x64
		{F3DF3745-1FC8-43CA-99F5-D2DBCF342814}.Release|x64.Build.0 = Release|x64
		{F3DF3745-1FC8-43CA-99F5-D2DBCF342814}.Release|x86.ActiveCfg = Release|Win32
		{F3DF3745-1FC8-43CA-99F5-D2DBCF342814}.Release|x86.Build.0 = Release|Win32
	EndGlobalSection
	GlobalSection(SolutionProperties) = preSolution
		HideSolutionNode = FALSE
	EndGlobalSection
	GlobalSection(ExtensibilityGlobals) = postSolution
		SolutionGuid = {44F43099-1182-406C-B64E-1E6238B4760F}
	EndGlobalSection
EndGlobal
